// !$*UTF8*$!
{
	archiveVersion = 1;
	classes = {
	};
	objectVersion = 55;
	objects = {

/* Begin PBXBuildFile section */
		156494C428223B83002A25C5 /* PunViewController.swift in Sources */ = {isa = PBXBuildFile; fileRef = 156494C328223B83002A25C5 /* PunViewController.swift */; };
		156494C628223BB5002A25C5 /* PunViewControllerOne.swift in Sources */ = {isa = PBXBuildFile; fileRef = 156494C528223BB5002A25C5 /* PunViewControllerOne.swift */; };
		1565C8562820E4890026E917 /* AppDelegate.swift in Sources */ = {isa = PBXBuildFile; fileRef = 1565C8552820E4890026E917 /* AppDelegate.swift */; };
		1565C8582820E4890026E917 /* SceneDelegate.swift in Sources */ = {isa = PBXBuildFile; fileRef = 1565C8572820E4890026E917 /* SceneDelegate.swift */; };
		1565C85A2820E4890026E917 /* ViewController.swift in Sources */ = {isa = PBXBuildFile; fileRef = 1565C8592820E4890026E917 /* ViewController.swift */; };
		1565C85D2820E4890026E917 /* Main.storyboard in Resources */ = {isa = PBXBuildFile; fileRef = 1565C85B2820E4890026E917 /* Main.storyboard */; };
		1565C85F2820E48A0026E917 /* Assets.xcassets in Resources */ = {isa = PBXBuildFile; fileRef = 1565C85E2820E48A0026E917 /* Assets.xcassets */; };
		1565C8622820E48A0026E917 /* LaunchScreen.storyboard in Resources */ = {isa = PBXBuildFile; fileRef = 1565C8602820E48A0026E917 /* LaunchScreen.storyboard */; };
		15B2EECB2825ED1200652AF1 /* knockKnockViewController.swift in Sources */ = {isa = PBXBuildFile; fileRef = 15B2EECA2825ED1200652AF1 /* knockKnockViewController.swift */; };
		15EABEE72825CDBD00EA60DD /* GoodViewController.swift in Sources */ = {isa = PBXBuildFile; fileRef = 15EABEE62825CDBD00EA60DD /* GoodViewController.swift */; };
		15EABEE92825E14D00EA60DD /* DadViewController.swift in Sources */ = {isa = PBXBuildFile; fileRef = 15EABEE82825E14D00EA60DD /* DadViewController.swift */; };
/* End PBXBuildFile section */

/* Begin PBXFileReference section */
		156494C328223B83002A25C5 /* PunViewController.swift */ = {isa = PBXFileReference; lastKnownFileType = sourcecode.swift; path = PunViewController.swift; sourceTree = "<group>"; };
		156494C528223BB5002A25C5 /* PunViewControllerOne.swift */ = {isa = PBXFileReference; lastKnownFileType = sourcecode.swift; path = PunViewControllerOne.swift; sourceTree = "<group>"; };
		1565C8522820E4890026E917 /* ikid.app */ = {isa = PBXFileReference; explicitFileType = wrapper.application; includeInIndex = 0; path = ikid.app; sourceTree = BUILT_PRODUCTS_DIR; };
		1565C8552820E4890026E917 /* AppDelegate.swift */ = {isa = PBXFileReference; lastKnownFileType = sourcecode.swift; path = AppDelegate.swift; sourceTree = "<group>"; };
		1565C8572820E4890026E917 /* SceneDelegate.swift */ = {isa = PBXFileReference; lastKnownFileType = sourcecode.swift; path = SceneDelegate.swift; sourceTree = "<group>"; };
		1565C8592820E4890026E917 /* ViewController.swift */ = {isa = PBXFileReference; lastKnownFileType = sourcecode.swift; path = ViewController.swift; sourceTree = "<group>"; };
		1565C85C2820E4890026E917 /* Base */ = {isa = PBXFileReference; lastKnownFileType = file.storyboard; name = Base; path = Base.lproj/Main.storyboard; sourceTree = "<group>"; };
		1565C85E2820E48A0026E917 /* Assets.xcassets */ = {isa = PBXFileReference; lastKnownFileType = folder.assetcatalog; path = Assets.xcassets; sourceTree = "<group>"; };
		1565C8612820E48A0026E917 /* Base */ = {isa = PBXFileReference; lastKnownFileType = file.storyboard; name = Base; path = Base.lproj/LaunchScreen.storyboard; sourceTree = "<group>"; };
		1565C8632820E48A0026E917 /* Info.plist */ = {isa = PBXFileReference; lastKnownFileType = text.plist.xml; path = Info.plist; sourceTree = "<group>"; };
		15B2EECA2825ED1200652AF1 /* knockKnockViewController.swift */ = {isa = PBXFileReference; lastKnownFileType = sourcecode.swift; path = knockKnockViewController.swift; sourceTree = "<group>"; };
		15EABEE62825CDBD00EA60DD /* GoodViewController.swift */ = {isa = PBXFileReference; lastKnownFileType = sourcecode.swift; path = GoodViewController.swift; sourceTree = "<group>"; };
		15EABEE82825E14D00EA60DD /* DadViewController.swift */ = {isa = PBXFileReference; lastKnownFileType = sourcecode.swift; path = DadViewController.swift; sourceTree = "<group>"; };
/* End PBXFileReference section */

/* Begin PBXFrameworksBuildPhase section */
		1565C84F2820E4890026E917 /* Frameworks */ = {
			isa = PBXFrameworksBuildPhase;
			buildActionMask = 2147483647;
			files = (
			);
			runOnlyForDeploymentPostprocessing = 0;
		};
/* End PBXFrameworksBuildPhase section */

/* Begin PBXGroup section */
		1565C8492820E4890026E917 = {
			isa = PBXGroup;
			children = (
				1565C8542820E4890026E917 /* ikid */,
				1565C8532820E4890026E917 /* Products */,
			);
			sourceTree = "<group>";
		};
		1565C8532820E4890026E917 /* Products */ = {
			isa = PBXGroup;
			children = (
				1565C8522820E4890026E917 /* ikid.app */,
			);
			name = Products;
			sourceTree = "<group>";
		};
		1565C8542820E4890026E917 /* ikid */ = {
			isa = PBXGroup;
			children = (
				1565C8552820E4890026E917 /* AppDelegate.swift */,
				1565C8572820E4890026E917 /* SceneDelegate.swift */,
				1565C8592820E4890026E917 /* ViewController.swift */,
				156494C328223B83002A25C5 /* PunViewController.swift */,
				156494C528223BB5002A25C5 /* PunViewControllerOne.swift */,
				15EABEE62825CDBD00EA60DD /* GoodViewController.swift */,
				15EABEE82825E14D00EA60DD /* DadViewController.swift */,
				15B2EECA2825ED1200652AF1 /* knockKnockViewController.swift */,
				1565C85B2820E4890026E917 /* Main.storyboard */,
				1565C85E2820E48A0026E917 /* Assets.xcassets */,
				1565C8602820E48A0026E917 /* LaunchScreen.storyboard */,
				1565C8632820E48A0026E917 /* Info.plist */,
			);
			path = ikid;
			sourceTree = "<group>";
		};
/* End PBXGroup section */

/* Begin PBXNativeTarget section */
		1565C8512820E4890026E917 /* ikid */ = {
			isa = PBXNativeTarget;
			buildConfigurationList = 1565C8662820E48A0026E917 /* Build configuration list for PBXNativeTarget "ikid" */;
			buildPhases = (
				1565C84E2820E4890026E917 /* Sources */,
				1565C84F2820E4890026E917 /* Frameworks */,
				1565C8502820E4890026E917 /* Resources */,
			);
			buildRules = (
			);
			dependencies = (
			);
			name = ikid;
			productName = ikid;
			productReference = 1565C8522820E4890026E917 /* ikid.app */;
			productType = "com.apple.product-type.application";
		};
/* End PBXNativeTarget section */

/* Begin PBXProject section */
		1565C84A2820E4890026E917 /* Project object */ = {
			isa = PBXProject;
			attributes = {
				BuildIndependentTargetsInParallel = 1;
				LastSwiftUpdateCheck = 1330;
				LastUpgradeCheck = 1330;
				TargetAttributes = {
					1565C8512820E4890026E917 = {
						CreatedOnToolsVersion = 13.3;
					};
				};
			};
			buildConfigurationList = 1565C84D2820E4890026E917 /* Build configuration list for PBXProject "ikid" */;
			compatibilityVersion = "Xcode 13.0";
			developmentRegion = en;
			hasScannedForEncodings = 0;
			knownRegions = (
				en,
				Base,
			);
			mainGroup = 1565C8492820E4890026E917;
			productRefGroup = 1565C8532820E4890026E917 /* Products */;
			projectDirPath = "";
			projectRoot = "";
			targets = (
				1565C8512820E4890026E917 /* ikid */,
			);
		};
/* End PBXProject section */

/* Begin PBXResourcesBuildPhase section */
		1565C8502820E4890026E917 /* Resources */ = {
			isa = PBXResourcesBuildPhase;
			buildActionMask = 2147483647;
			files = (
				1565C8622820E48A0026E917 /* LaunchScreen.storyboard in Resources */,
				1565C85F2820E48A0026E917 /* Assets.xcassets in Resources */,
				1565C85D2820E4890026E917 /* Main.storyboard in Resources */,
			);
			runOnlyForDeploymentPostprocessing = 0;
		};
/* End PBXResourcesBuildPhase section */

/* Begin PBXSourcesBuildPhase section */
		1565C84E2820E4890026E917 /* Sources */ = {
			isa = PBXSourcesBuildPhase;
			buildActionMask = 2147483647;
			files = (
				15B2EECB2825ED1200652AF1 /* knockKnockViewController.swift in Sources */,
				1565C85A2820E4890026E917 /* ViewController.swift in Sources */,
				156494C428223B83002A25C5 /* PunViewController.swift in Sources */,
				15EABEE92825E14D00EA60DD /* DadViewController.swift in Sources */,
				15EABEE72825CDBD00EA60DD /* GoodViewController.swift in Sources */,
				156494C628223BB5002A25C5 /* PunViewControllerOne.swift in Sources */,
				1565C8562820E4890026E917 /* AppDelegate.swift in Sources */,
				1565C8582820E4890026E917 /* SceneDelegate.swift in Sources */,
			);
			runOnlyForDeploymentPostprocessing = 0;
		};
/* End PBXSourcesBuildPhase section */

/* Begin PBXVariantGroup section */
		1565C85B2820E4890026E917 /* Main.storyboard */ = {
			isa = PBXVariantGroup;
			children = (
				1565C85C2820E4890026E917 /* Base */,
			);
			name = Main.storyboard;
			sourceTree = "<group>";
		};
		1565C8602820E48A0026E917 /* LaunchScreen.storyboard */ = {
			isa = PBXVariantGroup;
			children = (
				1565C8612820E48A0026E917 /* Base */,
			);
			name = LaunchScreen.storyboard;
			sourceTree = "<group>";
		};
/* End PBXVariantGroup section */

/* Begin XCBuildConfiguration section */
		1565C8642820E48A0026E917 /* Debug */ = {
			isa = XCBuildConfiguration;
			buildSettings = {
				ALWAYS_SEARCH_USER_PATHS = NO;
				CLANG_ANALYZER_NONNULL = YES;
				CLANG_ANALYZER_NUMBER_OBJECT_CONVERSION = YES_AGGRESSIVE;
				CLANG_CXX_LANGUAGE_STANDARD = "gnu++17";
				CLANG_ENABLE_MODULES = YES;
				CLANG_ENABLE_OBJC_ARC = YES;
				CLANG_ENABLE_OBJC_WEAK = YES;
				CLANG_WARN_BLOCK_CAPTURE_AUTORELEASING = YES;
				CLANG_WARN_BOOL_CONVERSION = YES;
				CLANG_WARN_COMMA = YES;
				CLANG_WARN_CONSTANT_CONVERSION = YES;
				CLANG_WARN_DEPRECATED_OBJC_IMPLEMENTATIONS = YES;
				CLANG_WARN_DIRECT_OBJC_ISA_USAGE = YES_ERROR;
				CLANG_WARN_DOCUMENTATION_COMMENTS = YES;
				CLANG_WARN_EMPTY_BODY = YES;
				CLANG_WARN_ENUM_CONVERSION = YES;
				CLANG_WARN_INFINITE_RECURSION = YES;
				CLANG_WARN_INT_CONVERSION = YES;
				CLANG_WARN_NON_LITERAL_NULL_CONVERSION = YES;
				CLANG_WARN_OBJC_IMPLICIT_RETAIN_SELF = YES;
				CLANG_WARN_OBJC_LITERAL_CONVERSION = YES;
				CLANG_WARN_OBJC_ROOT_CLASS = YES_ERROR;
				CLANG_WARN_QUOTED_INCLUDE_IN_FRAMEWORK_HEADER = YES;
				CLANG_WARN_RANGE_LOOP_ANALYSIS = YES;
				CLANG_WARN_STRICT_PROTOTYPES = YES;
				CLANG_WARN_SUSPICIOUS_MOVE = YES;
				CLANG_WARN_UNGUARDED_AVAILABILITY = YES_AGGRESSIVE;
				CLANG_WARN_UNREACHABLE_CODE = YES;
				CLANG_WARN__DUPLICATE_METHOD_MATCH = YES;
				COPY_PHASE_STRIP = NO;
				DEBUG_INFORMATION_FORMAT = dwarf;
				ENABLE_STRICT_OBJC_MSGSEND = YES;
				ENABLE_TESTABILITY = YES;
				GCC_C_LANGUAGE_STANDARD = gnu11;
				GCC_DYNAMIC_NO_PIC = NO;
				GCC_NO_COMMON_BLOCKS = YES;
				GCC_OPTIMIZATION_LEVEL = 0;
				GCC_PREPROCESSOR_DEFINITIONS = (
					"DEBUG=1",
					"$(inherited)",
				);
				GCC_WARN_64_TO_32_BIT_CONVERSION = YES;
				GCC_WARN_ABOUT_RETURN_TYPE = YES_ERROR;
				GCC_WARN_UNDECLARED_SELECTOR = YES;
				GCC_WARN_UNINITIALIZED_AUTOS = YES_AGGRESSIVE;
				GCC_WARN_UNUSED_FUNCTION = YES;
				GCC_WARN_UNUSED_VARIABLE = YES;
				IPHONEOS_DEPLOYMENT_TARGET = 15.4;
				MTL_ENABLE_DEBUG_INFO = INCLUDE_SOURCE;
				MTL_FAST_MATH = YES;
				ONLY_ACTIVE_ARCH = YES;
				SDKROOT = iphoneos;
				SWIFT_ACTIVE_COMPILATION_CONDITIONS = DEBUG;
				SWIFT_OPTIMIZATION_LEVEL = "-Onone";
			};
			name = Debug;
		};
		1565C8652820E48A0026E917 /* Release */ = {
			isa = XCBuildConfiguration;
			buildSettings = {
				ALWAYS_SEARCH_USER_PATHS = NO;
				CLANG_ANALYZER_NONNULL = YES;
				CLANG_ANALYZER_NUMBER_OBJECT_CONVERSION = YES_AGGRESSIVE;
				CLANG_CXX_LANGUAGE_STANDARD = "gnu++17";
				CLANG_ENABLE_MODULES = YES;
				CLANG_ENABLE_OBJC_ARC = YES;
				CLANG_ENABLE_OBJC_WEAK = YES;
				CLANG_WARN_BLOCK_CAPTURE_AUTORELEASING = YES;
				CLANG_WARN_BOOL_CONVERSION = YES;
				CLANG_WARN_COMMA = YES;
				CLANG_WARN_CONSTANT_CONVERSION = YES;
				CLANG_WARN_DEPRECATED_OBJC_IMPLEMENTATIONS = YES;
				CLANG_WARN_DIRECT_OBJC_ISA_USAGE = YES_ERROR;
				CLANG_WARN_DOCUMENTATION_COMMENTS = YES;
				CLANG_WARN_EMPTY_BODY = YES;
				CLANG_WARN_ENUM_CONVERSION = YES;
				CLANG_WARN_INFINITE_RECURSION = YES;
				CLANG_WARN_INT_CONVERSION = YES;
				CLANG_WARN_NON_LITERAL_NULL_CONVERSION = YES;
				CLANG_WARN_OBJC_IMPLICIT_RETAIN_SELF = YES;
				CLANG_WARN_OBJC_LITERAL_CONVERSION = YES;
				CLANG_WARN_OBJC_ROOT_CLASS = YES_ERROR;
				CLANG_WARN_QUOTED_INCLUDE_IN_FRAMEWORK_HEADER = YES;
				CLANG_WARN_RANGE_LOOP_ANALYSIS = YES;
				CLANG_WARN_STRICT_PROTOTYPES = YES;
				CLANG_WARN_SUSPICIOUS_MOVE = YES;
				CLANG_WARN_UNGUARDED_AVAILABILITY = YES_AGGRESSIVE;
				CLANG_WARN_UNREACHABLE_CODE = YES;
				CLANG_WARN__DUPLICATE_METHOD_MATCH = YES;
				COPY_PHASE_STRIP = NO;
				DEBUG_INFORMATION_FORMAT = "dwarf-with-dsym";
				ENABLE_NS_ASSERTIONS = NO;
				ENABLE_STRICT_OBJC_MSGSEND = YES;
				GCC_C_LANGUAGE_STANDARD = gnu11;
				GCC_NO_COMMON_BLOCKS = YES;
				GCC_WARN_64_TO_32_BIT_CONVERSION = YES;
				GCC_WARN_ABOUT_RETURN_TYPE = YES_ERROR;
				GCC_WARN_UNDECLARED_SELECTOR = YES;
				GCC_WARN_UNINITIALIZED_AUTOS = YES_AGGRESSIVE;
				GCC_WARN_UNUSED_FUNCTION = YES;
				GCC_WARN_UNUSED_VARIABLE = YES;
				IPHONEOS_DEPLOYMENT_TARGET = 15.4;
				MTL_ENABLE_DEBUG_INFO = NO;
				MTL_FAST_MATH = YES;
				SDKROOT = iphoneos;
				SWIFT_COMPILATION_MODE = wholemodule;
				SWIFT_OPTIMIZATION_LEVEL = "-O";
				VALIDATE_PRODUCT = YES;
			};
			name = Release;
		};
		1565C8672820E48A0026E917 /* Debug */ = {
			isa = XCBuildConfiguration;
			buildSettings = {
				ASSETCATALOG_COMPILER_APPICON_NAME = AppIcon;
				ASSETCATALOG_COMPILER_GLOBAL_ACCENT_COLOR_NAME = AccentColor;
				CODE_SIGN_STYLE = Automatic;
				CURRENT_PROJECT_VERSION = 1;
				DEVELOPMENT_TEAM = X68SSV5C7D;
				GENERATE_INFOPLIST_FILE = YES;
				INFOPLIST_FILE = ikid/Info.plist;
				INFOPLIST_KEY_UIApplicationSupportsIndirectInputEvents = YES;
				INFOPLIST_KEY_UILaunchStoryboardName = LaunchScreen;
				INFOPLIST_KEY_UIMainStoryboardFile = Main;
				INFOPLIST_KEY_UISupportedInterfaceOrientations_iPad = "UIInterfaceOrientationPortrait UIInterfaceOrientationPortraitUpsideDown UIInterfaceOrientationLandscapeLeft UIInterfaceOrientationLandscapeRight";
				INFOPLIST_KEY_UISupportedInterfaceOrientations_iPhone = "UIInterfaceOrientationPortrait UIInterfaceOrientationLandscapeLeft UIInterfaceOrientationLandscapeRight";
				LD_RUNPATH_SEARCH_PATHS = (
					"$(inherited)",
					"@executable_path/Frameworks",
				);
				MARKETING_VERSION = 1.0;
				PRODUCT_BUNDLE_IDENTIFIER = "Lesi-Li.ikid";
				PRODUCT_NAME = "$(TARGET_NAME)";
				SWIFT_EMIT_LOC_STRINGS = YES;
				SWIFT_VERSION = 5.0;
				TARGETED_DEVICE_FAMILY = "1,2";
			};
			name = Debug;
		};
		1565C8682820E48A0026E917 /* Release */ = {
			isa = XCBuildConfiguration;
			buildSettings = {
				ASSETCATALOG_COMPILER_APPICON_NAME = AppIcon;
				ASSETCATALOG_COMPILER_GLOBAL_ACCENT_COLOR_NAME = AccentColor;
				CODE_SIGN_STYLE = Automatic;
				CURRENT_PROJECT_VERSION = 1;
				DEVELOPMENT_TEAM = X68SSV5C7D;
				GENERATE_INFOPLIST_FILE = YES;
				INFOPLIST_FILE = ikid/Info.plist;
				INFOPLIST_KEY_UIApplicationSupportsIndirectInputEvents = YES;
				INFOPLIST_KEY_UILaunchStoryboardName = LaunchScreen;
				INFOPLIST_KEY_UIMainStoryboardFile = Main;
				INFOPLIST_KEY_UISupportedInterfaceOrientations_iPad = "UIInterfaceOrientationPortrait UIInterfaceOrientationPortraitUpsideDown UIInterfaceOrientationLandscapeLeft UIInterfaceOrientationLandscapeRight";
				INFOPLIST_KEY_UISupportedInterfaceOrientations_iPhone = "UIInterfaceOrientationPortrait UIInterfaceOrientationLandscapeLeft UIInterfaceOrientationLandscapeRight";
				LD_RUNPATH_SEARCH_PATHS = (
					"$(inherited)",
					"@executable_path/Frameworks",
				);
				MARKETING_VERSION = 1.0;
				PRODUCT_BUNDLE_IDENTIFIER = "Lesi-Li.ikid";
				PRODUCT_NAME = "$(TARGET_NAME)";
				SWIFT_EMIT_LOC_STRINGS = YES;
				SWIFT_VERSION = 5.0;
				TARGETED_DEVICE_FAMILY = "1,2";
			};
			name = Release;
		};
/* End XCBuildConfiguration section */

/* Begin XCConfigurationList section */
		1565C84D2820E4890026E917 /* Build configuration list for PBXProject "ikid" */ = {
			isa = XCConfigurationList;
			buildConfigurations = (
				1565C8642820E48A0026E917 /* Debug */,
				1565C8652820E48A0026E917 /* Release */,
			);
			defaultConfigurationIsVisible = 0;
			defaultConfigurationName = Release;
		};
		1565C8662820E48A0026E917 /* Build configuration list for PBXNativeTarget "ikid" */ = {
			isa = XCConfigurationList;
			buildConfigurations = (
				1565C8672820E48A0026E917 /* Debug */,
				1565C8682820E48A0026E917 /* Release */,
			);
			defaultConfigurationIsVisible = 0;
			defaultConfigurationName = Release;
		};
/* End XCConfigurationList section */
	};
	rootObject = 1565C84A2820E4890026E917 /* Project object */;
}
